
Microsoft Visual Studio Solution File, Format Version 12.00
# Visual Studio 2013
VisualStudioVersion = 12.0.21005.1
MinimumVisualStudioVersion = 10.0.40219.1
Project("{8BC9CEB8-8B4A-11D0-8D11-00A0C91BC942}") = "DEMContour", "DEMContour\DEMContour.vcxproj", "{0C2D6E8A-B315-4564-A10F-9D40DAEA893F}"
EndProject
Project("{8BC9CEB8-8B4A-11D0-8D11-00A0C91BC942}") = "DEMcontourTest", "DEMcontourTest\DEMcontourTest.vcxproj", "{CF967198-56BC-4B3A-B682-3FEA4EB31E1F}"
EndProject
Global
	GlobalSection(SolutionConfigurationPlatforms) = preSolution
		Debug|Win32 = Debug|Win32
		Release|Win32 = Release|Win32
	EndGlobalSection
	GlobalSection(ProjectConfigurationPlatforms) = postSolution
		{0C2D6E8A-B315-4564-A10F-9D40DAEA893F}.Debug|Win32.ActiveCfg = Debug|Win32
		{0C2D6E8A-B315-4564-A10F-9D40DAEA893F}.Debug|Win32.Build.0 = Debug|Win32
		{0C2D6E8A-B315-4564-A10F-9D40DAEA893F}.Release|Win32.ActiveCfg = Release|Win32
		{0C2D6E8A-B315-4564-A10F-9D40DAEA893F}.Release|Win32.Build.0 = Release|Win32
		{CF967198-56BC-4B3A-B682-3FEA4EB31E1F}.Debug|Win32.ActiveCfg = Debug|Win32
		{CF967198-56BC-4B3A-B682-3FEA4EB31E1F}.Debug|Win32.Build.0 = Debug|Win32
		{CF967198-56BC-4B3A-B682-3FEA4EB31E1F}.Release|Win32.ActiveCfg = Release|Win32
		{CF967198-56BC-4B3A-B682-3FEA4EB31E1F}.Release|Win32.Build.0 = Release|Win32
	EndGlobalSection
	GlobalSection(SolutionProperties) = preSolution
		HideSolutionNode = FALSE
	EndGlobalSection
EndGlobal
